
Microsoft Visual Studio Solution File, Format Version 12.00
# Visual Studio Version 17
VisualStudioVersion = 17.8.34316.72
MinimumVisualStudioVersion = 10.0.40219.1
Project("{FAE04EC0-301F-11D3-BF4B-00C04F79EFBC}") = "Back to the past", "Back to the past.csproj", "{F24DE6E3-2E00-4595-A999-8DAB4C0EDC02}"
EndProject
Global
	GlobalSection(SolutionConfigurationPlatforms) = preSolution
		Debug|Any CPU = Debug|Any CPU
		Release|Any CPU = Release|Any CPU
	EndGlobalSection
	GlobalSection(ProjectConfigurationPlatforms) = postSolution
		{F24DE6E3-2E00-4595-A999-8DAB4C0EDC02}.Debug|Any CPU.ActiveCfg = Debug|Any CPU
		{F24DE6E3-2E00-4595-A999-8DAB4C0EDC02}.Debug|Any CPU.Build.0 = Debug|Any CPU
		{F24DE6E3-2E00-4595-A999-8DAB4C0EDC02}.Release|Any CPU.ActiveCfg = Release|Any CPU
		{F24DE6E3-2E00-4595-A999-8DAB4C0EDC02}.Release|Any CPU.Build.0 = Release|Any CPU
	EndGlobalSection
	GlobalSection(SolutionProperties) = preSolution
		HideSolutionNode = FALSE
	EndGlobalSection
	GlobalSection(ExtensibilityGlobals) = postSolution
		SolutionGuid = {21544C10-6E8D-42AA-BAF5-C73491272B29}
	EndGlobalSection
EndGlobal
